
Microsoft Visual Studio Solution File, Format Version 12.00
# Visual Studio 15
VisualStudioVersion = 15.0.28010.2048
MinimumVisualStudioVersion = 10.0.40219.1
Project("{FAE04EC0-301F-11D3-BF4B-00C04F79EFBC}") = "Proj 10 b", "Proj 10 b\Proj 10 b.csproj", "{BB79A09E-8586-41CE-8EF5-7F35301742B9}"
EndProject
Global
	GlobalSection(SolutionConfigurationPlatforms) = preSolution
		Debug|Any CPU = Debug|Any CPU
		Release|Any CPU = Release|Any CPU
	EndGlobalSection
	GlobalSection(ProjectConfigurationPlatforms) = postSolution
		{BB79A09E-8586-41CE-8EF5-7F35301742B9}.Debug|Any CPU.ActiveCfg = Debug|Any CPU
		{BB79A09E-8586-41CE-8EF5-7F35301742B9}.Debug|Any CPU.Build.0 = Debug|Any CPU
		{BB79A09E-8586-41CE-8EF5-7F35301742B9}.Release|Any CPU.ActiveCfg = Release|Any CPU
		{BB79A09E-8586-41CE-8EF5-7F35301742B9}.Release|Any CPU.Build.0 = Release|Any CPU
	EndGlobalSection
	GlobalSection(SolutionProperties) = preSolution
		HideSolutionNode = FALSE
	EndGlobalSection
	GlobalSection(ExtensibilityGlobals) = postSolution
		SolutionGuid = {6AA21743-A946-4E36-A404-8DAEEC87BF84}
	EndGlobalSection
EndGlobal
